
Microsoft Visual Studio Solution File, Format Version 12.00
# Visual Studio Version 16
VisualStudioVersion = 16.0.32106.194
MinimumVisualStudioVersion = 10.0.40219.1
Project("{9A19103F-16F7-4668-BE54-9A1E7A4F7556}") = "web-store-api", "web-store-api.csproj", "{0B9311E0-5750-4058-9F0F-003073617A0C}"
EndProject
Project("{9A19103F-16F7-4668-BE54-9A1E7A4F7556}") = "web-store-api.Domain", "..\web-store-api.Domain\web-store-api.Domain.csproj", "{00EDFA96-21B1-463A-94C6-297D4B8654DB}"
EndProject
Project("{9A19103F-16F7-4668-BE54-9A1E7A4F7556}") = "web-store-api.Application", "..\web-store-api.Application\web-store-api.Application.csproj", "{BA14C6C3-4B55-44FE-B834-B1C8D7881224}"
EndProject
Project("{9A19103F-16F7-4668-BE54-9A1E7A4F7556}") = "web-store-api.Infra", "..\web-store-api.Infra\web-store-api.Infra.csproj", "{5A0B59E2-D730-4DF3-8B1F-211E58E05166}"
EndProject
Project("{9A19103F-16F7-4668-BE54-9A1E7A4F7556}") = "web-store-api.CrossCutting", "..\web-store-api.CrossCutting\web-store-api.CrossCutting.csproj", "{16C39021-2D29-4EE8-AE45-5B8FF8611CB0}"
EndProject
Global
	GlobalSection(SolutionConfigurationPlatforms) = preSolution
		Debug|Any CPU = Debug|Any CPU
		Release|Any CPU = Release|Any CPU
	EndGlobalSection
	GlobalSection(ProjectConfigurationPlatforms) = postSolution
		{0B9311E0-5750-4058-9F0F-003073617A0C}.Debug|Any CPU.ActiveCfg = Debug|Any CPU
		{0B9311E0-5750-4058-9F0F-003073617A0C}.Debug|Any CPU.Build.0 = Debug|Any CPU
		{0B9311E0-5750-4058-9F0F-003073617A0C}.Release|Any CPU.ActiveCfg = Release|Any CPU
		{0B9311E0-5750-4058-9F0F-003073617A0C}.Release|Any CPU.Build.0 = Release|Any CPU
		{00EDFA96-21B1-463A-94C6-297D4B8654DB}.Debug|Any CPU.ActiveCfg = Debug|Any CPU
		{00EDFA96-21B1-463A-94C6-297D4B8654DB}.Debug|Any CPU.Build.0 = Debug|Any CPU
		{00EDFA96-21B1-463A-94C6-297D4B8654DB}.Release|Any CPU.ActiveCfg = Release|Any CPU
		{00EDFA96-21B1-463A-94C6-297D4B8654DB}.Release|Any CPU.Build.0 = Release|Any CPU
		{BA14C6C3-4B55-44FE-B834-B1C8D7881224}.Debug|Any CPU.ActiveCfg = Debug|Any CPU
		{BA14C6C3-4B55-44FE-B834-B1C8D7881224}.Debug|Any CPU.Build.0 = Debug|Any CPU
		{BA14C6C3-4B55-44FE-B834-B1C8D7881224}.Release|Any CPU.ActiveCfg = Release|Any CPU
		{BA14C6C3-4B55-44FE-B834-B1C8D7881224}.Release|Any CPU.Build.0 = Release|Any CPU
		{5A0B59E2-D730-4DF3-8B1F-211E58E05166}.Debug|Any CPU.ActiveCfg = Debug|Any CPU
		{5A0B59E2-D730-4DF3-8B1F-211E58E05166}.Debug|Any CPU.Build.0 = Debug|Any CPU
		{5A0B59E2-D730-4DF3-8B1F-211E58E05166}.Release|Any CPU.ActiveCfg = Release|Any CPU
		{5A0B59E2-D730-4DF3-8B1F-211E58E05166}.Release|Any CPU.Build.0 = Release|Any CPU
		{16C39021-2D29-4EE8-AE45-5B8FF8611CB0}.Debug|Any CPU.ActiveCfg = Debug|Any CPU
		{16C39021-2D29-4EE8-AE45-5B8FF8611CB0}.Debug|Any CPU.Build.0 = Debug|Any CPU
		{16C39021-2D29-4EE8-AE45-5B8FF8611CB0}.Release|Any CPU.ActiveCfg = Release|Any CPU
		{16C39021-2D29-4EE8-AE45-5B8FF8611CB0}.Release|Any CPU.Build.0 = Release|Any CPU
	EndGlobalSection
	GlobalSection(SolutionProperties) = preSolution
		HideSolutionNode = FALSE
	EndGlobalSection
	GlobalSection(ExtensibilityGlobals) = postSolution
		SolutionGuid = {073BEE8A-7449-49A8-A026-BAEA7C085D7B}
	EndGlobalSection
EndGlobal
